
Microsoft Visual Studio Solution File, Format Version 12.00
# Visual Studio Version 16
VisualStudioVersion = 16.0.31205.134
MinimumVisualStudioVersion = 10.0.40219.1
Project("{9A19103F-16F7-4668-BE54-9A1E7A4F7556}") = "vsg.ApiAuth.JWT", "vsg.ApiAuth.JWT\vsg.ApiAuth.JWT.csproj", "{F8E8E90F-E898-40B0-B4B9-AF4352DD33D7}"
EndProject
Project("{FAE04EC0-301F-11D3-BF4B-00C04F79EFBC}") = "vsg.ApiAuth.JWT.App", "vsg.ApiAuth.JWT.App\vsg.ApiAuth.JWT.App.csproj", "{09ABD562-7E1A-431D-88D6-B788E29FCF86}"
EndProject
Global
	GlobalSection(SolutionConfigurationPlatforms) = preSolution
		Debug|Any CPU = Debug|Any CPU
		Release|Any CPU = Release|Any CPU
	EndGlobalSection
	GlobalSection(ProjectConfigurationPlatforms) = postSolution
		{F8E8E90F-E898-40B0-B4B9-AF4352DD33D7}.Debug|Any CPU.ActiveCfg = Debug|Any CPU
		{F8E8E90F-E898-40B0-B4B9-AF4352DD33D7}.Debug|Any CPU.Build.0 = Debug|Any CPU
		{F8E8E90F-E898-40B0-B4B9-AF4352DD33D7}.Release|Any CPU.ActiveCfg = Release|Any CPU
		{F8E8E90F-E898-40B0-B4B9-AF4352DD33D7}.Release|Any CPU.Build.0 = Release|Any CPU
		{09ABD562-7E1A-431D-88D6-B788E29FCF86}.Debug|Any CPU.ActiveCfg = Debug|Any CPU
		{09ABD562-7E1A-431D-88D6-B788E29FCF86}.Debug|Any CPU.Build.0 = Debug|Any CPU
		{09ABD562-7E1A-431D-88D6-B788E29FCF86}.Release|Any CPU.ActiveCfg = Release|Any CPU
		{09ABD562-7E1A-431D-88D6-B788E29FCF86}.Release|Any CPU.Build.0 = Release|Any CPU
	EndGlobalSection
	GlobalSection(SolutionProperties) = preSolution
		HideSolutionNode = FALSE
	EndGlobalSection
	GlobalSection(ExtensibilityGlobals) = postSolution
		SolutionGuid = {1F853C53-D1D5-4EF3-9BBA-247A0A638929}
	EndGlobalSection
EndGlobal
